
Microsoft Visual Studio Solution File, Format Version 12.00
# Visual Studio Version 17
VisualStudioVersion = 17.5.002.0
MinimumVisualStudioVersion = 10.0.40219.1
Project("{9A19103F-16F7-4668-BE54-9A1E7A4F7556}") = "CSharp_API_Prod_ASPNET", "CSharp_API_Prod_ASPNET.csproj", "{A96C6E64-4BDC-4659-A23C-7EE40DE0F710}"
EndProject
Global
	GlobalSection(SolutionConfigurationPlatforms) = preSolution
		Debug|Any CPU = Debug|Any CPU
		Release|Any CPU = Release|Any CPU
	EndGlobalSection
	GlobalSection(ProjectConfigurationPlatforms) = postSolution
		{A96C6E64-4BDC-4659-A23C-7EE40DE0F710}.Debug|Any CPU.ActiveCfg = Debug|Any CPU
		{A96C6E64-4BDC-4659-A23C-7EE40DE0F710}.Debug|Any CPU.Build.0 = Debug|Any CPU
		{A96C6E64-4BDC-4659-A23C-7EE40DE0F710}.Release|Any CPU.ActiveCfg = Release|Any CPU
		{A96C6E64-4BDC-4659-A23C-7EE40DE0F710}.Release|Any CPU.Build.0 = Release|Any CPU
	EndGlobalSection
	GlobalSection(SolutionProperties) = preSolution
		HideSolutionNode = FALSE
	EndGlobalSection
	GlobalSection(ExtensibilityGlobals) = postSolution
		SolutionGuid = {098A75A3-F635-4981-8F2A-730803A6FAFB}
	EndGlobalSection
EndGlobal
